
Microsoft Visual Studio Solution File, Format Version 12.00
# Visual Studio Version 17
VisualStudioVersion = 17.8.34511.84
MinimumVisualStudioVersion = 10.0.40219.1
Project("{FAE04EC0-301F-11D3-BF4B-00C04F79EFBC}") = "simpleWebAppUsingIdentity", "simpleWebAppUsingIdentity\simpleWebAppUsingIdentity.csproj", "{9377A8F4-4EDF-453E-A4D4-A25976BC55F1}"
EndProject
Global
	GlobalSection(SolutionConfigurationPlatforms) = preSolution
		Debug|Any CPU = Debug|Any CPU
		Release|Any CPU = Release|Any CPU
	EndGlobalSection
	GlobalSection(ProjectConfigurationPlatforms) = postSolution
		{9377A8F4-4EDF-453E-A4D4-A25976BC55F1}.Debug|Any CPU.ActiveCfg = Debug|Any CPU
		{9377A8F4-4EDF-453E-A4D4-A25976BC55F1}.Debug|Any CPU.Build.0 = Debug|Any CPU
		{9377A8F4-4EDF-453E-A4D4-A25976BC55F1}.Release|Any CPU.ActiveCfg = Release|Any CPU
		{9377A8F4-4EDF-453E-A4D4-A25976BC55F1}.Release|Any CPU.Build.0 = Release|Any CPU
	EndGlobalSection
	GlobalSection(SolutionProperties) = preSolution
		HideSolutionNode = FALSE
	EndGlobalSection
	GlobalSection(ExtensibilityGlobals) = postSolution
		SolutionGuid = {591EC37F-A20E-4371-9F96-7100BF2A1123}
	EndGlobalSection
EndGlobal
